
Microsoft Visual Studio Solution File, Format Version 12.00
# Visual Studio 15
VisualStudioVersion = 15.0.28010.2016
MinimumVisualStudioVersion = 10.0.40219.1
Project("{FAE04EC0-301F-11D3-BF4B-00C04F79EFBC}") = "SkyViews", "SkyViews\SkyViews.csproj", "{49842FF2-CF0D-4A02-AFDD-CB25661689B7}"
EndProject
Global
	GlobalSection(SolutionConfigurationPlatforms) = preSolution
		Debug|Any CPU = Debug|Any CPU
		Release|Any CPU = Release|Any CPU
	EndGlobalSection
	GlobalSection(ProjectConfigurationPlatforms) = postSolution
		{49842FF2-CF0D-4A02-AFDD-CB25661689B7}.Debug|Any CPU.ActiveCfg = Debug|Any CPU
		{49842FF2-CF0D-4A02-AFDD-CB25661689B7}.Debug|Any CPU.Build.0 = Debug|Any CPU
		{49842FF2-CF0D-4A02-AFDD-CB25661689B7}.Release|Any CPU.ActiveCfg = Release|Any CPU
		{49842FF2-CF0D-4A02-AFDD-CB25661689B7}.Release|Any CPU.Build.0 = Release|Any CPU
	EndGlobalSection
	GlobalSection(SolutionProperties) = preSolution
		HideSolutionNode = FALSE
	EndGlobalSection
	GlobalSection(ExtensibilityGlobals) = postSolution
		SolutionGuid = {01769D83-70AE-41DF-AB22-755908C56CCD}
	EndGlobalSection
EndGlobal
